{
  "name": "waltz",
  "version": "0.8.0",
  "lockfileVersion": 1,
  "requires": true,
  "dependencies": {
    "codemirror": {
      "version": "5.37.0",
      "resolved": "https://registry.npmjs.org/codemirror/-/codemirror-5.37.0.tgz",
      "integrity": "sha512-dQaayDJCLU4UJcwg2RM44oFrs0dMNndTp6qxQJF6XI71l1xN3RB4IqiKES0b0rccbARbrD/UBB4t8DNknfaOTw=="
    },
    "jquery": {
      "version": "3.4.0",
      "resolved": "https://registry.npmjs.org/jquery/-/jquery-3.4.0.tgz",
      "integrity": "sha512-ggRCXln9zEqv6OqAGXFEcshF5dSBvCkzj6Gm2gzuR5fWawaX8t7cxKVkkygKODrDAzKdoYw3l/e3pm3vlT4IbQ=="
    },
    "plotly.js-dist": {
      "version": "1.51.1",
      "resolved": "https://registry.npmjs.org/plotly.js-dist/-/plotly.js-dist-1.51.1.tgz",
      "integrity": "sha512-YUIyji1qj42DMjSuKI/yIE9ryXrCfCoF++Db732s9nK4oVFE6T1Gq6+hYE0rkLpezi+3j6W9e5wrLhI2AL6j7A=="
    },
    "webix": {
      "version": "5.4.0",
      "resolved": "https://registry.npmjs.org/webix/-/webix-5.4.0.tgz",
      "integrity": "sha512-HEI4fv70srXljVv7ugKMeITPVhOZmRWUbYkboD8rPfgn+pHdYhNZ2h8rJK5IhaKyrGYyqUDTrQWMm1zoeL5Ucg=="
    }
  }
}
